
Microsoft Visual Studio Solution File, Format Version 12.00
# Visual Studio Version 16
VisualStudioVersion = 16.0.810.23
MinimumVisualStudioVersion = 10.0.40219.1
Project("{FAE04EC0-301F-11D3-BF4B-00C04F79EFBC}") = "fronttoback", "fronttoback\fronttoback.csproj", "{086710C4-64D2-40E4-A5A0-73AA213F04F8}"
EndProject
Global
	GlobalSection(SolutionConfigurationPlatforms) = preSolution
		Debug|Any CPU = Debug|Any CPU
		Release|Any CPU = Release|Any CPU
	EndGlobalSection
	GlobalSection(ProjectConfigurationPlatforms) = postSolution
		{086710C4-64D2-40E4-A5A0-73AA213F04F8}.Debug|Any CPU.ActiveCfg = Debug|Any CPU
		{086710C4-64D2-40E4-A5A0-73AA213F04F8}.Debug|Any CPU.Build.0 = Debug|Any CPU
		{086710C4-64D2-40E4-A5A0-73AA213F04F8}.Release|Any CPU.ActiveCfg = Release|Any CPU
		{086710C4-64D2-40E4-A5A0-73AA213F04F8}.Release|Any CPU.Build.0 = Release|Any CPU
	EndGlobalSection
	GlobalSection(SolutionProperties) = preSolution
		HideSolutionNode = FALSE
	EndGlobalSection
	GlobalSection(ExtensibilityGlobals) = postSolution
		SolutionGuid = {DE9CC887-E7FE-436A-855F-F03CB69E88DE}
	EndGlobalSection
EndGlobal
